
Microsoft Visual Studio Solution File, Format Version 12.00
# Visual Studio 15
VisualStudioVersion = 15.0.28010.2026
MinimumVisualStudioVersion = 10.0.40219.1
Project("{FAE04EC0-301F-11D3-BF4B-00C04F79EFBC}") = "UsingAppDomains", "SysProgrDomen\UsingAppDomains.csproj", "{E31D5D3D-777B-4950-964D-F6EC3D0C2FC9}"
EndProject
Project("{FAE04EC0-301F-11D3-BF4B-00C04F79EFBC}") = "TextWindow", "TextWindow\TextWindow.csproj", "{CA29F689-5272-4D7C-8F4E-30CDE3F234AB}"
EndProject
Project("{FAE04EC0-301F-11D3-BF4B-00C04F79EFBC}") = "TextDrawer", "TextDrawer\TextDrawer.csproj", "{D0CA7FEC-56E5-41EA-B82E-4B6DAA63AB07}"
EndProject
Global
	GlobalSection(SolutionConfigurationPlatforms) = preSolution
		Debug|Any CPU = Debug|Any CPU
		Release|Any CPU = Release|Any CPU
	EndGlobalSection
	GlobalSection(ProjectConfigurationPlatforms) = postSolution
		{E31D5D3D-777B-4950-964D-F6EC3D0C2FC9}.Debug|Any CPU.ActiveCfg = Debug|Any CPU
		{E31D5D3D-777B-4950-964D-F6EC3D0C2FC9}.Debug|Any CPU.Build.0 = Debug|Any CPU
		{E31D5D3D-777B-4950-964D-F6EC3D0C2FC9}.Release|Any CPU.ActiveCfg = Release|Any CPU
		{E31D5D3D-777B-4950-964D-F6EC3D0C2FC9}.Release|Any CPU.Build.0 = Release|Any CPU
		{CA29F689-5272-4D7C-8F4E-30CDE3F234AB}.Debug|Any CPU.ActiveCfg = Debug|Any CPU
		{CA29F689-5272-4D7C-8F4E-30CDE3F234AB}.Debug|Any CPU.Build.0 = Debug|Any CPU
		{CA29F689-5272-4D7C-8F4E-30CDE3F234AB}.Release|Any CPU.ActiveCfg = Release|Any CPU
		{CA29F689-5272-4D7C-8F4E-30CDE3F234AB}.Release|Any CPU.Build.0 = Release|Any CPU
		{D0CA7FEC-56E5-41EA-B82E-4B6DAA63AB07}.Debug|Any CPU.ActiveCfg = Debug|Any CPU
		{D0CA7FEC-56E5-41EA-B82E-4B6DAA63AB07}.Debug|Any CPU.Build.0 = Debug|Any CPU
		{D0CA7FEC-56E5-41EA-B82E-4B6DAA63AB07}.Release|Any CPU.ActiveCfg = Release|Any CPU
		{D0CA7FEC-56E5-41EA-B82E-4B6DAA63AB07}.Release|Any CPU.Build.0 = Release|Any CPU
	EndGlobalSection
	GlobalSection(SolutionProperties) = preSolution
		HideSolutionNode = FALSE
	EndGlobalSection
	GlobalSection(ExtensibilityGlobals) = postSolution
		SolutionGuid = {B4749A52-B2D3-4A81-A3B0-8AC5AD623401}
	EndGlobalSection
EndGlobal
